
Microsoft Visual Studio Solution File, Format Version 12.00
# Visual Studio Version 16
VisualStudioVersion = 16.0.28803.156
MinimumVisualStudioVersion = 10.0.40219.1
Project("{FAE04EC0-301F-11D3-BF4B-00C04F79EFBC}") = "Sistema.Entidades", "Sistema.Entidades\Sistema.Entidades.csproj", "{0ED773C5-5F3D-4DFB-98DD-1AC77AF892EA}"
EndProject
Project("{FAE04EC0-301F-11D3-BF4B-00C04F79EFBC}") = "Sistema.Datos", "Sistema.Datos\Sistema.Datos.csproj", "{82ABF7A4-58F5-4553-93AB-7BBF22C39A6B}"
EndProject
Project("{FAE04EC0-301F-11D3-BF4B-00C04F79EFBC}") = "Sistema.Web", "Sistema.Web\Sistema.Web.csproj", "{9588418E-DA12-457C-B91E-8DD0CB3C683C}"
EndProject
Global
	GlobalSection(SolutionConfigurationPlatforms) = preSolution
		Debug|Any CPU = Debug|Any CPU
		Release|Any CPU = Release|Any CPU
	EndGlobalSection
	GlobalSection(ProjectConfigurationPlatforms) = postSolution
		{0ED773C5-5F3D-4DFB-98DD-1AC77AF892EA}.Debug|Any CPU.ActiveCfg = Debug|Any CPU
		{0ED773C5-5F3D-4DFB-98DD-1AC77AF892EA}.Debug|Any CPU.Build.0 = Debug|Any CPU
		{0ED773C5-5F3D-4DFB-98DD-1AC77AF892EA}.Release|Any CPU.ActiveCfg = Release|Any CPU
		{0ED773C5-5F3D-4DFB-98DD-1AC77AF892EA}.Release|Any CPU.Build.0 = Release|Any CPU
		{82ABF7A4-58F5-4553-93AB-7BBF22C39A6B}.Debug|Any CPU.ActiveCfg = Debug|Any CPU
		{82ABF7A4-58F5-4553-93AB-7BBF22C39A6B}.Debug|Any CPU.Build.0 = Debug|Any CPU
		{82ABF7A4-58F5-4553-93AB-7BBF22C39A6B}.Release|Any CPU.ActiveCfg = Release|Any CPU
		{82ABF7A4-58F5-4553-93AB-7BBF22C39A6B}.Release|Any CPU.Build.0 = Release|Any CPU
		{9588418E-DA12-457C-B91E-8DD0CB3C683C}.Debug|Any CPU.ActiveCfg = Debug|Any CPU
		{9588418E-DA12-457C-B91E-8DD0CB3C683C}.Debug|Any CPU.Build.0 = Debug|Any CPU
		{9588418E-DA12-457C-B91E-8DD0CB3C683C}.Release|Any CPU.ActiveCfg = Release|Any CPU
		{9588418E-DA12-457C-B91E-8DD0CB3C683C}.Release|Any CPU.Build.0 = Release|Any CPU
	EndGlobalSection
	GlobalSection(SolutionProperties) = preSolution
		HideSolutionNode = FALSE
	EndGlobalSection
	GlobalSection(ExtensibilityGlobals) = postSolution
		SolutionGuid = {8D9DAA6E-1051-4D52-9578-9C196DED46E9}
	EndGlobalSection
EndGlobal
